<?xml version="1.0" encoding="utf-8"?>
<Project ToolsVersion="4.0" xmlns="http://schemas.microsoft.com/developer/msbuild/2003">
  <ItemGroup>
    <ClInclude Include="base.hpp">
      <Filter>Source</Filter>
    </ClInclude>
    <ClInclude Include="evaluate.hpp">
      <Filter>Source</Filter>
    </ClInclude>
    <ClInclude Include="heuristic.hpp">
      <Filter>Source</Filter>
    </ClInclude>
    <ClInclude Include="moves.hpp">
      <Filter>Source</Filter>
    </ClInclude>
    <ClInclude Include="position.hpp">
      <Filter>Source</Filter>
    </ClInclude>
    <ClInclude Include="search.hpp">
      <Filter>Source</Filter>
    </ClInclude>
    <ClInclude Include="test.hpp">
      <Filter>Source</Filter>
    </ClInclude>
    <ClInclude Include="ucci.hpp">
      <Filter>Source</Filter>
    </ClInclude>
  </ItemGroup>
  <ItemGroup>
    <Filter Include="Main">
      <UniqueIdentifier>{75e298e2-ea56-44b6-b5c7-d8783f872082}</UniqueIdentifier>
    </Filter>
    <Filter Include="Source">
      <UniqueIdentifier>{38e55271-e67d-4ea5-ac9d-d4f29f083337}</UniqueIdentifier>
    </Filter>
  </ItemGroup>
  <ItemGroup>
    <ClCompile Include="main.cpp">
      <Filter>Main</Filter>
    </ClCompile>
  </ItemGroup>
</Project>